
Microsoft Visual Studio Solution File, Format Version 12.00
# Visual Studio 15
VisualStudioVersion = 15.0.28010.2026
MinimumVisualStudioVersion = 10.0.40219.1
Project("{FAE04EC0-301F-11D3-BF4B-00C04F79EFBC}") = "BoundingBoxesDetector", "BoundingBoxesDetector\BoundingBoxesDetector.csproj", "{5E098E9E-276E-4DE0-AA98-DC29467DD18B}"
EndProject
Project("{FAE04EC0-301F-11D3-BF4B-00C04F79EFBC}") = "BoundingBoxesDetectorTestApp", "BoundingBoxesDetectorTestApp\BoundingBoxesDetectorTestApp.csproj", "{FE22AFA2-E54E-4A18-9A22-A908FB9FF1A5}"
EndProject
Global
	GlobalSection(SolutionConfigurationPlatforms) = preSolution
		Debug|Any CPU = Debug|Any CPU
		Release|Any CPU = Release|Any CPU
	EndGlobalSection
	GlobalSection(ProjectConfigurationPlatforms) = postSolution
		{5E098E9E-276E-4DE0-AA98-DC29467DD18B}.Debug|Any CPU.ActiveCfg = Debug|Any CPU
		{5E098E9E-276E-4DE0-AA98-DC29467DD18B}.Debug|Any CPU.Build.0 = Debug|Any CPU
		{5E098E9E-276E-4DE0-AA98-DC29467DD18B}.Release|Any CPU.ActiveCfg = Release|Any CPU
		{5E098E9E-276E-4DE0-AA98-DC29467DD18B}.Release|Any CPU.Build.0 = Release|Any CPU
		{FE22AFA2-E54E-4A18-9A22-A908FB9FF1A5}.Debug|Any CPU.ActiveCfg = Debug|Any CPU
		{FE22AFA2-E54E-4A18-9A22-A908FB9FF1A5}.Debug|Any CPU.Build.0 = Debug|Any CPU
		{FE22AFA2-E54E-4A18-9A22-A908FB9FF1A5}.Release|Any CPU.ActiveCfg = Release|Any CPU
		{FE22AFA2-E54E-4A18-9A22-A908FB9FF1A5}.Release|Any CPU.Build.0 = Release|Any CPU
	EndGlobalSection
	GlobalSection(SolutionProperties) = preSolution
		HideSolutionNode = FALSE
	EndGlobalSection
	GlobalSection(ExtensibilityGlobals) = postSolution
		SolutionGuid = {C3F227D1-F526-4BF4-B7BD-C49D13951661}
	EndGlobalSection
EndGlobal
